
Microsoft Visual Studio Solution File, Format Version 12.00
# Visual Studio 14
VisualStudioVersion = 14.0.23107.0
MinimumVisualStudioVersion = 10.0.40219.1
Project("{151D2E53-A2C4-4D7D-83FE-D05416EBD58E}") = "MariaDBClusterOnAzure", "MariaDBClusterOnAzure\MariaDBClusterOnAzure.deployproj", "{F3B522CD-9DBF-4898-8129-76FC2C7BBCF8}"
EndProject
Project("{2150E333-8FDC-42A3-9474-1A3956D46DE8}") = "Solution Items", "Solution Items", "{5E08D49A-AB6B-4EBF-ACA9-8C217E2377E3}"
	ProjectSection(SolutionItems) = preProject
		README.md = README.md
	EndProjectSection
EndProject
Project("{2150E333-8FDC-42A3-9474-1A3956D46DE8}") = "images", "images", "{9643FB57-D0B1-40E6-8675-6713885AC977}"
	ProjectSection(SolutionItems) = preProject
		diagram01.jpg = diagram01.jpg
	EndProjectSection
EndProject
Project("{2150E333-8FDC-42A3-9474-1A3956D46DE8}") = "scripts", "scripts", "{809ED7A7-8832-4057-93D2-7F144AC01BD1}"
	ProjectSection(SolutionItems) = preProject
		cloudinit1.bash = cloudinit1.bash
		cloudinit2.bash = cloudinit2.bash
		cloudinit3.bash = cloudinit3.bash
	EndProjectSection
EndProject
Global
	GlobalSection(SolutionConfigurationPlatforms) = preSolution
		Debug|Any CPU = Debug|Any CPU
		Release|Any CPU = Release|Any CPU
	EndGlobalSection
	GlobalSection(ProjectConfigurationPlatforms) = postSolution
		{F3B522CD-9DBF-4898-8129-76FC2C7BBCF8}.Debug|Any CPU.ActiveCfg = Debug|Any CPU
		{F3B522CD-9DBF-4898-8129-76FC2C7BBCF8}.Debug|Any CPU.Build.0 = Debug|Any CPU
		{F3B522CD-9DBF-4898-8129-76FC2C7BBCF8}.Release|Any CPU.ActiveCfg = Release|Any CPU
		{F3B522CD-9DBF-4898-8129-76FC2C7BBCF8}.Release|Any CPU.Build.0 = Release|Any CPU
	EndGlobalSection
	GlobalSection(SolutionProperties) = preSolution
		HideSolutionNode = FALSE
	EndGlobalSection
	GlobalSection(NestedProjects) = preSolution
		{9643FB57-D0B1-40E6-8675-6713885AC977} = {5E08D49A-AB6B-4EBF-ACA9-8C217E2377E3}
		{809ED7A7-8832-4057-93D2-7F144AC01BD1} = {5E08D49A-AB6B-4EBF-ACA9-8C217E2377E3}
	EndGlobalSection
EndGlobal
